
Microsoft Visual Studio Solution File, Format Version 11.00
# Visual Studio 2010
Project("{FAE04EC0-301F-11D3-BF4B-00C04F79EFBC}") = "OddOrEven", "OddOrEven\OddOrEven.csproj", "{1F457166-9093-4ABC-B456-77830D21672D}"
EndProject
Project("{FAE04EC0-301F-11D3-BF4B-00C04F79EFBC}") = "GravitationOnTheMoon", "GravitationOnTheMoon\GravitationOnTheMoon.csproj", "{AC063D90-5C76-4E34-BDB9-E95FDBED128E}"
EndProject
Project("{FAE04EC0-301F-11D3-BF4B-00C04F79EFBC}") = "DivideByNumber", "DivideByNumber\DivideByNumber.csproj", "{8C3B7294-113E-4888-90B1-79F0871C786E}"
EndProject
Project("{FAE04EC0-301F-11D3-BF4B-00C04F79EFBC}") = "Rectangles", "Rectangles\Rectangles.csproj", "{DEB30D24-3DBD-4000-9C87-A24492F30379}"
EndProject
Project("{FAE04EC0-301F-11D3-BF4B-00C04F79EFBC}") = "IsDigitEqualToCertainNumber", "IsDigitEqualToCertainNumber\IsDigitEqualToCertainNumber.csproj", "{E3820060-6534-40E1-92D7-B0CD78908908}"
EndProject
Project("{FAE04EC0-301F-11D3-BF4B-00C04F79EFBC}") = "FourDigitNumber", "FourDigitNumber\FourDigitNumber.csproj", "{E477C031-DF4C-4364-972B-DAB62D31498C}"
EndProject
Project("{FAE04EC0-301F-11D3-BF4B-00C04F79EFBC}") = "PointInTheCircle", "PointInTheCircle\PointInTheCircle.csproj", "{748719D0-BE1E-4BB6-B734-CA3FFC0A3607}"
EndProject
Project("{FAE04EC0-301F-11D3-BF4B-00C04F79EFBC}") = "PrimeNumberCheck", "PrimeNumberCheck\PrimeNumberCheck.csproj", "{27AB7258-4A49-4911-8EA9-D2C800F22EDF}"
EndProject
Project("{FAE04EC0-301F-11D3-BF4B-00C04F79EFBC}") = "Trapezoids", "Trapezoids\Trapezoids.csproj", "{CA997C06-EC49-4178-B46D-6EDCAAB714B4}"
EndProject
Project("{FAE04EC0-301F-11D3-BF4B-00C04F79EFBC}") = "InCircleOutRectangle", "InCircleOutRectangle\InCircleOutRectangle.csproj", "{704F1FCC-CD6E-44D0-850D-679488BE7DEC}"
EndProject
Project("{FAE04EC0-301F-11D3-BF4B-00C04F79EFBC}") = "ExtractBit#3", "ExtractBit#3\ExtractBit#3.csproj", "{8BA7EFE0-3B25-4C6D-92B2-0DC5E5149AC7}"
EndProject
Project("{FAE04EC0-301F-11D3-BF4B-00C04F79EFBC}") = "ExtractBitFromInteger", "ExtractBitFromInteger\ExtractBitFromInteger.csproj", "{CEB11076-3049-4D16-932D-9CF60723C46B}"
EndProject
Project("{FAE04EC0-301F-11D3-BF4B-00C04F79EFBC}") = "CheckABitAtGivenPosition", "CheckABitAtGivenPosition\CheckABitAtGivenPosition.csproj", "{B0785621-DEAB-451F-89A3-BE1BEF0B5DA2}"
EndProject
Project("{FAE04EC0-301F-11D3-BF4B-00C04F79EFBC}") = "ModifyABit", "ModifyABit\ModifyABit.csproj", "{96C02C4D-DDBA-43F5-A576-654D288A4DE3}"
EndProject
Project("{FAE04EC0-301F-11D3-BF4B-00C04F79EFBC}") = "BitsExchange", "BitsExchange\BitsExchange.csproj", "{0D5AB680-58DC-47DF-89D9-245BB813A55C}"
EndProject
Project("{FAE04EC0-301F-11D3-BF4B-00C04F79EFBC}") = "BitsExchangeAdvanced", "BitsExchangeAdvanced\BitsExchangeAdvanced.csproj", "{4F5474A3-3924-4924-AFD2-9F6A398CC37C}"
EndProject
Global
	GlobalSection(SolutionConfigurationPlatforms) = preSolution
		Debug|x86 = Debug|x86
		Release|x86 = Release|x86
	EndGlobalSection
	GlobalSection(ProjectConfigurationPlatforms) = postSolution
		{0D5AB680-58DC-47DF-89D9-245BB813A55C}.Debug|x86.ActiveCfg = Debug|x86
		{0D5AB680-58DC-47DF-89D9-245BB813A55C}.Debug|x86.Build.0 = Debug|x86
		{0D5AB680-58DC-47DF-89D9-245BB813A55C}.Release|x86.ActiveCfg = Release|x86
		{0D5AB680-58DC-47DF-89D9-245BB813A55C}.Release|x86.Build.0 = Release|x86
		{1F457166-9093-4ABC-B456-77830D21672D}.Debug|x86.ActiveCfg = Debug|x86
		{1F457166-9093-4ABC-B456-77830D21672D}.Debug|x86.Build.0 = Debug|x86
		{1F457166-9093-4ABC-B456-77830D21672D}.Release|x86.ActiveCfg = Release|x86
		{1F457166-9093-4ABC-B456-77830D21672D}.Release|x86.Build.0 = Release|x86
		{27AB7258-4A49-4911-8EA9-D2C800F22EDF}.Debug|x86.ActiveCfg = Debug|x86
		{27AB7258-4A49-4911-8EA9-D2C800F22EDF}.Debug|x86.Build.0 = Debug|x86
		{27AB7258-4A49-4911-8EA9-D2C800F22EDF}.Release|x86.ActiveCfg = Release|x86
		{27AB7258-4A49-4911-8EA9-D2C800F22EDF}.Release|x86.Build.0 = Release|x86
		{4F5474A3-3924-4924-AFD2-9F6A398CC37C}.Debug|x86.ActiveCfg = Debug|x86
		{4F5474A3-3924-4924-AFD2-9F6A398CC37C}.Debug|x86.Build.0 = Debug|x86
		{4F5474A3-3924-4924-AFD2-9F6A398CC37C}.Release|x86.ActiveCfg = Release|x86
		{4F5474A3-3924-4924-AFD2-9F6A398CC37C}.Release|x86.Build.0 = Release|x86
		{704F1FCC-CD6E-44D0-850D-679488BE7DEC}.Debug|x86.ActiveCfg = Debug|x86
		{704F1FCC-CD6E-44D0-850D-679488BE7DEC}.Debug|x86.Build.0 = Debug|x86
		{704F1FCC-CD6E-44D0-850D-679488BE7DEC}.Release|x86.ActiveCfg = Release|x86
		{704F1FCC-CD6E-44D0-850D-679488BE7DEC}.Release|x86.Build.0 = Release|x86
		{748719D0-BE1E-4BB6-B734-CA3FFC0A3607}.Debug|x86.ActiveCfg = Debug|x86
		{748719D0-BE1E-4BB6-B734-CA3FFC0A3607}.Debug|x86.Build.0 = Debug|x86
		{748719D0-BE1E-4BB6-B734-CA3FFC0A3607}.Release|x86.ActiveCfg = Release|x86
		{748719D0-BE1E-4BB6-B734-CA3FFC0A3607}.Release|x86.Build.0 = Release|x86
		{8BA7EFE0-3B25-4C6D-92B2-0DC5E5149AC7}.Debug|x86.ActiveCfg = Debug|x86
		{8BA7EFE0-3B25-4C6D-92B2-0DC5E5149AC7}.Debug|x86.Build.0 = Debug|x86
		{8BA7EFE0-3B25-4C6D-92B2-0DC5E5149AC7}.Release|x86.ActiveCfg = Release|x86
		{8BA7EFE0-3B25-4C6D-92B2-0DC5E5149AC7}.Release|x86.Build.0 = Release|x86
		{8C3B7294-113E-4888-90B1-79F0871C786E}.Debug|x86.ActiveCfg = Debug|x86
		{8C3B7294-113E-4888-90B1-79F0871C786E}.Debug|x86.Build.0 = Debug|x86
		{8C3B7294-113E-4888-90B1-79F0871C786E}.Release|x86.ActiveCfg = Release|x86
		{8C3B7294-113E-4888-90B1-79F0871C786E}.Release|x86.Build.0 = Release|x86
		{96C02C4D-DDBA-43F5-A576-654D288A4DE3}.Debug|x86.ActiveCfg = Debug|x86
		{96C02C4D-DDBA-43F5-A576-654D288A4DE3}.Debug|x86.Build.0 = Debug|x86
		{96C02C4D-DDBA-43F5-A576-654D288A4DE3}.Release|x86.ActiveCfg = Release|x86
		{96C02C4D-DDBA-43F5-A576-654D288A4DE3}.Release|x86.Build.0 = Release|x86
		{AC063D90-5C76-4E34-BDB9-E95FDBED128E}.Debug|x86.ActiveCfg = Debug|x86
		{AC063D90-5C76-4E34-BDB9-E95FDBED128E}.Debug|x86.Build.0 = Debug|x86
		{AC063D90-5C76-4E34-BDB9-E95FDBED128E}.Release|x86.ActiveCfg = Release|x86
		{AC063D90-5C76-4E34-BDB9-E95FDBED128E}.Release|x86.Build.0 = Release|x86
		{B0785621-DEAB-451F-89A3-BE1BEF0B5DA2}.Debug|x86.ActiveCfg = Debug|x86
		{B0785621-DEAB-451F-89A3-BE1BEF0B5DA2}.Debug|x86.Build.0 = Debug|x86
		{B0785621-DEAB-451F-89A3-BE1BEF0B5DA2}.Release|x86.ActiveCfg = Release|x86
		{B0785621-DEAB-451F-89A3-BE1BEF0B5DA2}.Release|x86.Build.0 = Release|x86
		{CA997C06-EC49-4178-B46D-6EDCAAB714B4}.Debug|x86.ActiveCfg = Debug|x86
		{CA997C06-EC49-4178-B46D-6EDCAAB714B4}.Debug|x86.Build.0 = Debug|x86
		{CA997C06-EC49-4178-B46D-6EDCAAB714B4}.Release|x86.ActiveCfg = Release|x86
		{CA997C06-EC49-4178-B46D-6EDCAAB714B4}.Release|x86.Build.0 = Release|x86
		{CEB11076-3049-4D16-932D-9CF60723C46B}.Debug|x86.ActiveCfg = Debug|x86
		{CEB11076-3049-4D16-932D-9CF60723C46B}.Debug|x86.Build.0 = Debug|x86
		{CEB11076-3049-4D16-932D-9CF60723C46B}.Release|x86.ActiveCfg = Release|x86
		{CEB11076-3049-4D16-932D-9CF60723C46B}.Release|x86.Build.0 = Release|x86
		{DEB30D24-3DBD-4000-9C87-A24492F30379}.Debug|x86.ActiveCfg = Debug|x86
		{DEB30D24-3DBD-4000-9C87-A24492F30379}.Debug|x86.Build.0 = Debug|x86
		{DEB30D24-3DBD-4000-9C87-A24492F30379}.Release|x86.ActiveCfg = Release|x86
		{DEB30D24-3DBD-4000-9C87-A24492F30379}.Release|x86.Build.0 = Release|x86
		{E3820060-6534-40E1-92D7-B0CD78908908}.Debug|x86.ActiveCfg = Debug|x86
		{E3820060-6534-40E1-92D7-B0CD78908908}.Debug|x86.Build.0 = Debug|x86
		{E3820060-6534-40E1-92D7-B0CD78908908}.Release|x86.ActiveCfg = Release|x86
		{E3820060-6534-40E1-92D7-B0CD78908908}.Release|x86.Build.0 = Release|x86
		{E477C031-DF4C-4364-972B-DAB62D31498C}.Debug|x86.ActiveCfg = Debug|x86
		{E477C031-DF4C-4364-972B-DAB62D31498C}.Debug|x86.Build.0 = Debug|x86
		{E477C031-DF4C-4364-972B-DAB62D31498C}.Release|x86.ActiveCfg = Release|x86
		{E477C031-DF4C-4364-972B-DAB62D31498C}.Release|x86.Build.0 = Release|x86
	EndGlobalSection
	GlobalSection(MonoDevelopProperties) = preSolution
		StartupItem = OddOrEven\OddOrEven.csproj
	EndGlobalSection
EndGlobal
