
Microsoft Visual Studio Solution File, Format Version 12.00
# Visual Studio 14
VisualStudioVersion = 14.0.23107.0
MinimumVisualStudioVersion = 10.0.40219.1
Project("{FAE04EC0-301F-11D3-BF4B-00C04F79EFBC}") = "1.SquareRoot", "1.SquareRoot\1.SquareRoot.csproj", "{DB340641-EFE0-4478-B942-B2C143B8FAF2}"
EndProject
Project("{FAE04EC0-301F-11D3-BF4B-00C04F79EFBC}") = "2.EnterNumbers", "2.EnterNumbers\2.EnterNumbers.csproj", "{B2A4C174-593D-4E9F-9E92-02D5C4A84F17}"
EndProject
Project("{FAE04EC0-301F-11D3-BF4B-00C04F79EFBC}") = "3.ReadFileContents", "3.ReadFileContents\3.ReadFileContents.csproj", "{3E0DB3E9-17A8-443B-B493-E8C089FF062B}"
EndProject
Project("{FAE04EC0-301F-11D3-BF4B-00C04F79EFBC}") = "4.DownloadFile", "4.DownloadFile\4.DownloadFile.csproj", "{25DB27C5-7800-4A72-B30F-20BD21D2A175}"
EndProject
Global
	GlobalSection(SolutionConfigurationPlatforms) = preSolution
		Debug|Any CPU = Debug|Any CPU
		Release|Any CPU = Release|Any CPU
	EndGlobalSection
	GlobalSection(ProjectConfigurationPlatforms) = postSolution
		{DB340641-EFE0-4478-B942-B2C143B8FAF2}.Debug|Any CPU.ActiveCfg = Debug|Any CPU
		{DB340641-EFE0-4478-B942-B2C143B8FAF2}.Debug|Any CPU.Build.0 = Debug|Any CPU
		{DB340641-EFE0-4478-B942-B2C143B8FAF2}.Release|Any CPU.ActiveCfg = Release|Any CPU
		{DB340641-EFE0-4478-B942-B2C143B8FAF2}.Release|Any CPU.Build.0 = Release|Any CPU
		{B2A4C174-593D-4E9F-9E92-02D5C4A84F17}.Debug|Any CPU.ActiveCfg = Debug|Any CPU
		{B2A4C174-593D-4E9F-9E92-02D5C4A84F17}.Debug|Any CPU.Build.0 = Debug|Any CPU
		{B2A4C174-593D-4E9F-9E92-02D5C4A84F17}.Release|Any CPU.ActiveCfg = Release|Any CPU
		{B2A4C174-593D-4E9F-9E92-02D5C4A84F17}.Release|Any CPU.Build.0 = Release|Any CPU
		{3E0DB3E9-17A8-443B-B493-E8C089FF062B}.Debug|Any CPU.ActiveCfg = Debug|Any CPU
		{3E0DB3E9-17A8-443B-B493-E8C089FF062B}.Debug|Any CPU.Build.0 = Debug|Any CPU
		{3E0DB3E9-17A8-443B-B493-E8C089FF062B}.Release|Any CPU.ActiveCfg = Release|Any CPU
		{3E0DB3E9-17A8-443B-B493-E8C089FF062B}.Release|Any CPU.Build.0 = Release|Any CPU
		{25DB27C5-7800-4A72-B30F-20BD21D2A175}.Debug|Any CPU.ActiveCfg = Debug|Any CPU
		{25DB27C5-7800-4A72-B30F-20BD21D2A175}.Debug|Any CPU.Build.0 = Debug|Any CPU
		{25DB27C5-7800-4A72-B30F-20BD21D2A175}.Release|Any CPU.ActiveCfg = Release|Any CPU
		{25DB27C5-7800-4A72-B30F-20BD21D2A175}.Release|Any CPU.Build.0 = Release|Any CPU
	EndGlobalSection
	GlobalSection(SolutionProperties) = preSolution
		HideSolutionNode = FALSE
	EndGlobalSection
EndGlobal
